
Microsoft Visual Studio Solution File, Format Version 12.00
# Visual Studio Version 17
VisualStudioVersion = 17.9.34607.119
MinimumVisualStudioVersion = 10.0.40219.1
Project("{FAE04EC0-301F-11D3-BF4B-00C04F79EFBC}") = "Hotel_Management", "Hotel_Management\Hotel_Management.csproj", "{28C3D8F2-ED63-4FF0-AE9B-7AA05C5C9067}"
EndProject
Global
	GlobalSection(SolutionConfigurationPlatforms) = preSolution
		Debug|Any CPU = Debug|Any CPU
		Release|Any CPU = Release|Any CPU
	EndGlobalSection
	GlobalSection(ProjectConfigurationPlatforms) = postSolution
		{28C3D8F2-ED63-4FF0-AE9B-7AA05C5C9067}.Debug|Any CPU.ActiveCfg = Debug|Any CPU
		{28C3D8F2-ED63-4FF0-AE9B-7AA05C5C9067}.Debug|Any CPU.Build.0 = Debug|Any CPU
		{28C3D8F2-ED63-4FF0-AE9B-7AA05C5C9067}.Release|Any CPU.ActiveCfg = Release|Any CPU
		{28C3D8F2-ED63-4FF0-AE9B-7AA05C5C9067}.Release|Any CPU.Build.0 = Release|Any CPU
	EndGlobalSection
	GlobalSection(SolutionProperties) = preSolution
		HideSolutionNode = FALSE
	EndGlobalSection
	GlobalSection(ExtensibilityGlobals) = postSolution
		SolutionGuid = {2A815228-A87F-4639-83D9-06A3C7F0DB13}
	EndGlobalSection
EndGlobal
